{
  "nodes": {
    "blueprint": {
      "inputs": {
        "nixpkgs": [
          "nixpkgs"
        ],
        "systems": [
          "jasons-nix-flake-style-guide",
          "systems"
        ]
      },
      "locked": {
        "lastModified": 1788342924,
        "narHash": "sha256-Sfyygt2dL88+160d014gaXMlWTGIL2HGxlIzLGsGPvE=",
        "owner": "numtide",
        "repo": "blueprint",
        "rev": "8be75245e274a789b87cc4df542abbcd8c5e7f93",
        "type": "github"
      },
      "original": {
        "owner": "numtide",
        "repo": "blueprint",
        "type": "github"
      }
    },
    "jasons-nix-flake-style-guide": {
      "inputs": {
        "blueprint": [
          "blueprint"
        ],
        "nixpkgs": [
          "nixpkgs"
        ],
        "percent-encoding-rosetta-stone": "percent-encoding-rosetta-stone",
        "systems": "systems"
      },
      "locked": {
        "lastModified": 1782265284,
        "narHash": "sha256-npnkOYlZKJYZWtv5+18vBNHPTnOk6QUdYAASQFPWtR8=",
        "ref": "refs/heads/main",
        "rev": "79753a1add1bd11d3950b710ab79e5f3ef22f6fe",
        "revCount": 108,
        "type": "git",
        "url": "https://codeberg.org/JasonYundt/jasons-nix-flake-style-guide.git"
      },
      "original": {
        "type": "git",
        "url": "https://codeberg.org/JasonYundt/jasons-nix-flake-style-guide.git"
      }
    },
    "nixpkgs": {
      "locked": {
        "lastModified": 1788807765,
        "narHash": "sha256-J9oC0bKnkXUrMegqRTXVkyDFJ0gn2U/Qpoo9HgGMQmA=",
        "owner": "NixOS",
        "repo": "nixpkgs",
        "rev": "93108a538f079596c9a16c72cf03e9322782b6dd",
        "type": "github"
      },
      "original": {
        "owner": "NixOS",
        "ref": "nixos-26.05",
        "repo": "nixpkgs",
        "type": "github"
      }
    },
    "nixpkgsUnstable": {
      "locked": {
        "lastModified": 1788752844,
        "narHash": "sha256-VaWGJ6+cIYN2erfSecbRV+4ljI185Ty2wUrXyvQbgOw=",
        "owner": "NixOS",
        "repo": "nixpkgs",
        "rev": "dc5d91f840324650bac8c379428c7037a416959a",
        "type": "github"
      },
      "original": {
        "owner": "NixOS",
        "ref": "nixos-unstable",
        "repo": "nixpkgs",
        "type": "github"
      }
    },
    "percent-encoding-rosetta-stone": {
      "flake": false,
      "locked": {
        "lastModified": 1,
        "narHash": "sha256-6tgdbyzGtTaEeE+Ho6tLNv7lSlfQ7A24gtSMz4uATF8=",
        "type": "tarball",
        "url": "https://codeberg.org/JasonYundt/percent-encoding-rosetta-stone/releases/download/v1/Percent-encoding%20Rosetta%20Stone%20version%201.tar.xz"
      },
      "original": {
        "type": "tarball",
        "url": "https://codeberg.org/JasonYundt/percent-encoding-rosetta-stone/releases/download/v1/Percent-encoding%20Rosetta%20Stone%20version%201.tar.xz"
      }
    },
    "root": {
      "inputs": {
        "blueprint": "blueprint",
        "jasons-nix-flake-style-guide": "jasons-nix-flake-style-guide",
        "nixpkgs": "nixpkgs",
        "nixpkgsUnstable": "nixpkgsUnstable",
        "systems": [
          "jasons-nix-flake-style-guide",
          "systems"
        ]
      }
    },
    "systems": {
      "flake": false,
      "locked": {
        "path": "./supported-systems.nix",
        "type": "path"
      },
      "original": {
        "path": "./supported-systems.nix",
        "type": "path"
      },
      "parent": [
        "jasons-nix-flake-style-guide"
      ]
    }
  },
  "root": "root",
  "version": 7
}
