{
  "nodes": {
    "blueprint": {
      "inputs": {
        "nixpkgs": [
          "nixpkgs"
        ],
        "systems": [
          "jasons-nix-flake-style-guide",
          "systems"
        ]
      },
      "locked": {
        "lastModified": 1755332143,
        "narHash": "sha256-jaiZPA5ND7HPJ4U/bzp+BKGOYR14+rIe9tC6XA4jBHU=",
        "owner": "numtide",
        "repo": "blueprint",
        "rev": "3c8bf84e28df2be19cc6623cb3ceeb6fc0839b91",
        "type": "github"
      },
      "original": {
        "owner": "numtide",
        "repo": "blueprint",
        "type": "github"
      }
    },
    "jasons-nix-flake-style-guide": {
      "inputs": {
        "blueprint": [
          "blueprint"
        ],
        "nixpkgs": [
          "nixpkgs"
        ],
        "percent-encoding-rosetta-stone": "percent-encoding-rosetta-stone",
        "systems": "systems"
      },
      "locked": {
        "lastModified": 1749838239,
        "narHash": "sha256-eiZgsnNmfqZdRBpaevJ23nydPqt0H/jgUFJN3hVdblY=",
        "ref": "refs/heads/main",
        "rev": "f1191fae56f9ffe4253e3e439508b87b620f5907",
        "revCount": 95,
        "type": "git",
        "url": "https://codeberg.org/JasonYundt/jasons-nix-flake-style-guide.git"
      },
      "original": {
        "type": "git",
        "url": "https://codeberg.org/JasonYundt/jasons-nix-flake-style-guide.git"
      }
    },
    "nixpkgs": {
      "locked": {
        "lastModified": 1756754095,
        "narHash": "sha256-9Rsn9XEWINExosFkKEqdp8EI6Mujr1gmQiyrEcts2ls=",
        "owner": "NixOS",
        "repo": "nixpkgs",
        "rev": "7c815e513adbf03c9098b2bd230c1e0525c8a7f9",
        "type": "github"
      },
      "original": {
        "owner": "NixOS",
        "ref": "nixos-25.05",
        "repo": "nixpkgs",
        "type": "github"
      }
    },
    "nixpkgsUnstable": {
      "locked": {
        "lastModified": 1756542300,
        "narHash": "sha256-tlOn88coG5fzdyqz6R93SQL5Gpq+m/DsWpekNFhqPQk=",
        "owner": "NixOS",
        "repo": "nixpkgs",
        "rev": "d7600c775f877cd87b4f5a831c28aa94137377aa",
        "type": "github"
      },
      "original": {
        "owner": "NixOS",
        "ref": "nixos-unstable",
        "repo": "nixpkgs",
        "type": "github"
      }
    },
    "percent-encoding-rosetta-stone": {
      "flake": false,
      "locked": {
        "lastModified": 1,
        "narHash": "sha256-6tgdbyzGtTaEeE+Ho6tLNv7lSlfQ7A24gtSMz4uATF8=",
        "type": "tarball",
        "url": "https://codeberg.org/JasonYundt/percent-encoding-rosetta-stone/releases/download/v1/Percent-encoding%20Rosetta%20Stone%20version%201.tar.xz"
      },
      "original": {
        "type": "tarball",
        "url": "https://codeberg.org/JasonYundt/percent-encoding-rosetta-stone/releases/download/v1/Percent-encoding%20Rosetta%20Stone%20version%201.tar.xz"
      }
    },
    "root": {
      "inputs": {
        "blueprint": "blueprint",
        "jasons-nix-flake-style-guide": "jasons-nix-flake-style-guide",
        "nixpkgs": "nixpkgs",
        "nixpkgsUnstable": "nixpkgsUnstable",
        "systems": [
          "jasons-nix-flake-style-guide",
          "systems"
        ]
      }
    },
    "systems": {
      "flake": false,
      "locked": {
        "path": "./supported-systems.nix",
        "type": "path"
      },
      "original": {
        "path": "./supported-systems.nix",
        "type": "path"
      },
      "parent": [
        "jasons-nix-flake-style-guide"
      ]
    }
  },
  "root": "root",
  "version": 7
}
